
Microsoft Visual Studio Solution File, Format Version 12.00
# Visual Studio Version 16
VisualStudioVersion = 16.0.29025.244
MinimumVisualStudioVersion = 10.0.40219.1
Project("{FAE04EC0-301F-11D3-BF4B-00C04F79EFBC}") = "AvastApi", "AvastApi\AvastApi.csproj", "{F8FEEF40-F27F-49B9-8BFE-2DDF2F50E5ED}"
EndProject
Project("{FAE04EC0-301F-11D3-BF4B-00C04F79EFBC}") = "AvastApiTests", "AvastApiTests\AvastApiTests.csproj", "{4EDAB433-9AFA-4629-8307-0A084503CD0A}"
EndProject
Global
	GlobalSection(SolutionConfigurationPlatforms) = preSolution
		Debug|Any CPU = Debug|Any CPU
		Release|Any CPU = Release|Any CPU
	EndGlobalSection
	GlobalSection(ProjectConfigurationPlatforms) = postSolution
		{F8FEEF40-F27F-49B9-8BFE-2DDF2F50E5ED}.Debug|Any CPU.ActiveCfg = Debug|Any CPU
		{F8FEEF40-F27F-49B9-8BFE-2DDF2F50E5ED}.Debug|Any CPU.Build.0 = Debug|Any CPU
		{F8FEEF40-F27F-49B9-8BFE-2DDF2F50E5ED}.Release|Any CPU.ActiveCfg = Release|Any CPU
		{F8FEEF40-F27F-49B9-8BFE-2DDF2F50E5ED}.Release|Any CPU.Build.0 = Release|Any CPU
		{4EDAB433-9AFA-4629-8307-0A084503CD0A}.Debug|Any CPU.ActiveCfg = Debug|Any CPU
		{4EDAB433-9AFA-4629-8307-0A084503CD0A}.Debug|Any CPU.Build.0 = Debug|Any CPU
		{4EDAB433-9AFA-4629-8307-0A084503CD0A}.Release|Any CPU.ActiveCfg = Release|Any CPU
		{4EDAB433-9AFA-4629-8307-0A084503CD0A}.Release|Any CPU.Build.0 = Release|Any CPU
	EndGlobalSection
	GlobalSection(SolutionProperties) = preSolution
		HideSolutionNode = FALSE
	EndGlobalSection
	GlobalSection(ExtensibilityGlobals) = postSolution
		SolutionGuid = {4946CDAA-AE59-41A8-98EB-BF8FD4CD682C}
	EndGlobalSection
EndGlobal
